
Microsoft Visual Studio Solution File, Format Version 12.00
# Visual Studio Version 17
VisualStudioVersion = 17.5.002.0
MinimumVisualStudioVersion = 10.0.40219.1
Project("{9A19103F-16F7-4668-BE54-9A1E7A4F7556}") = "Projeto-RPG", "Projeto-RPG\Projeto-RPG.csproj", "{E560E3A8-52B9-4167-BFE7-29560EF807E6}"
EndProject
Global
	GlobalSection(SolutionConfigurationPlatforms) = preSolution
		Debug|Any CPU = Debug|Any CPU
		Release|Any CPU = Release|Any CPU
	EndGlobalSection
	GlobalSection(ProjectConfigurationPlatforms) = postSolution
		{E560E3A8-52B9-4167-BFE7-29560EF807E6}.Debug|Any CPU.ActiveCfg = Debug|Any CPU
		{E560E3A8-52B9-4167-BFE7-29560EF807E6}.Debug|Any CPU.Build.0 = Debug|Any CPU
		{E560E3A8-52B9-4167-BFE7-29560EF807E6}.Release|Any CPU.ActiveCfg = Release|Any CPU
		{E560E3A8-52B9-4167-BFE7-29560EF807E6}.Release|Any CPU.Build.0 = Release|Any CPU
	EndGlobalSection
	GlobalSection(SolutionProperties) = preSolution
		HideSolutionNode = FALSE
	EndGlobalSection
	GlobalSection(ExtensibilityGlobals) = postSolution
		SolutionGuid = {CBF8B520-0DB3-43E0-8313-9E32EB6DA818}
	EndGlobalSection
EndGlobal
